// !$*UTF8*$!
{
	archiveVersion = 1;
	classes = {
	};
	objectVersion = 55;
	objects = {

/* Begin PBXBuildFile section */
		29C1C3E198585239AB3543F7 /* Pods_LottieAnimationPage.framework in Frameworks */ = {isa = PBXBuildFile; fileRef = 8C42CABB31BD21F2FAE8DDDC /* Pods_LottieAnimationPage.framework */; };
		757927D327CD3C2400A8F03A /* hubit.json in Resources */ = {isa = PBXBuildFile; fileRef = 757927D227CD3C2400A8F03A /* hubit.json */; };
		75963A4727CD34FA00AF8EF3 /* AppDelegate.swift in Sources */ = {isa = PBXBuildFile; fileRef = 75963A4627CD34FA00AF8EF3 /* AppDelegate.swift */; };
		75963A4927CD34FA00AF8EF3 /* SceneDelegate.swift in Sources */ = {isa = PBXBuildFile; fileRef = 75963A4827CD34FA00AF8EF3 /* SceneDelegate.swift */; };
		75963A4B27CD34FA00AF8EF3 /* ViewController.swift in Sources */ = {isa = PBXBuildFile; fileRef = 75963A4A27CD34FA00AF8EF3 /* ViewController.swift */; };
		75963A4E27CD34FA00AF8EF3 /* Main.storyboard in Resources */ = {isa = PBXBuildFile; fileRef = 75963A4C27CD34FA00AF8EF3 /* Main.storyboard */; };
		75963A5027CD34FA00AF8EF3 /* Assets.xcassets in Resources */ = {isa = PBXBuildFile; fileRef = 75963A4F27CD34FA00AF8EF3 /* Assets.xcassets */; };
		75963A5327CD34FA00AF8EF3 /* LaunchScreen.storyboard in Resources */ = {isa = PBXBuildFile; fileRef = 75963A5127CD34FA00AF8EF3 /* LaunchScreen.storyboard */; };
/* End PBXBuildFile section */

/* Begin PBXFileReference section */
		1060793949D81B009E5AAE1C /* Pods-LottieAnimationPage.debug.xcconfig */ = {isa = PBXFileReference; includeInIndex = 1; lastKnownFileType = text.xcconfig; name = "Pods-LottieAnimationPage.debug.xcconfig"; path = "Target Support Files/Pods-LottieAnimationPage/Pods-LottieAnimationPage.debug.xcconfig"; sourceTree = "<group>"; };
		757927D227CD3C2400A8F03A /* hubit.json */ = {isa = PBXFileReference; fileEncoding = 4; lastKnownFileType = text.json; path = hubit.json; sourceTree = "<group>"; };
		75963A4327CD34FA00AF8EF3 /* LottieAnimationPage.app */ = {isa = PBXFileReference; explicitFileType = wrapper.application; includeInIndex = 0; path = LottieAnimationPage.app; sourceTree = BUILT_PRODUCTS_DIR; };
		75963A4627CD34FA00AF8EF3 /* AppDelegate.swift */ = {isa = PBXFileReference; lastKnownFileType = sourcecode.swift; path = AppDelegate.swift; sourceTree = "<group>"; };
		75963A4827CD34FA00AF8EF3 /* SceneDelegate.swift */ = {isa = PBXFileReference; lastKnownFileType = sourcecode.swift; path = SceneDelegate.swift; sourceTree = "<group>"; };
		75963A4A27CD34FA00AF8EF3 /* ViewController.swift */ = {isa = PBXFileReference; lastKnownFileType = sourcecode.swift; path = ViewController.swift; sourceTree = "<group>"; };
		75963A4D27CD34FA00AF8EF3 /* Base */ = {isa = PBXFileReference; lastKnownFileType = file.storyboard; name = Base; path = Base.lproj/Main.storyboard; sourceTree = "<group>"; };
		75963A4F27CD34FA00AF8EF3 /* Assets.xcassets */ = {isa = PBXFileReference; lastKnownFileType = folder.assetcatalog; path = Assets.xcassets; sourceTree = "<group>"; };
		75963A5227CD34FA00AF8EF3 /* Base */ = {isa = PBXFileReference; lastKnownFileType = file.storyboard; name = Base; path = Base.lproj/LaunchScreen.storyboard; sourceTree = "<group>"; };
		75963A5427CD34FA00AF8EF3 /* Info.plist */ = {isa = PBXFileReference; lastKnownFileType = text.plist.xml; path = Info.plist; sourceTree = "<group>"; };
		77D53EE2CCECC313B0571D03 /* Pods-LottieAnimationPage.release.xcconfig */ = {isa = PBXFileReference; includeInIndex = 1; lastKnownFileType = text.xcconfig; name = "Pods-LottieAnimationPage.release.xcconfig"; path = "Target Support Files/Pods-LottieAnimationPage/Pods-LottieAnimationPage.release.xcconfig"; sourceTree = "<group>"; };
		8C42CABB31BD21F2FAE8DDDC /* Pods_LottieAnimationPage.framework */ = {isa = PBXFileReference; explicitFileType = wrapper.framework; includeInIndex = 0; path = Pods_LottieAnimationPage.framework; sourceTree = BUILT_PRODUCTS_DIR; };
/* End PBXFileReference section */

/* Begin PBXFrameworksBuildPhase section */
		75963A4027CD34FA00AF8EF3 /* Frameworks */ = {
			isa = PBXFrameworksBuildPhase;
			buildActionMask = 2147483647;
			files = (
				29C1C3E198585239AB3543F7 /* Pods_LottieAnimationPage.framework in Frameworks */,
			);
			runOnlyForDeploymentPostprocessing = 0;
		};
/* End PBXFrameworksBuildPhase section */

/* Begin PBXGroup section */
		75963A3A27CD34FA00AF8EF3 = {
			isa = PBXGroup;
			children = (
				75963A4527CD34FA00AF8EF3 /* LottieAnimationPage */,
				75963A4427CD34FA00AF8EF3 /* Products */,
				8222B318D7B0EFE3F58965E4 /* Pods */,
				E8A928E54FB26F4EF2E13270 /* Frameworks */,
			);
			sourceTree = "<group>";
		};
		75963A4427CD34FA00AF8EF3 /* Products */ = {
			isa = PBXGroup;
			children = (
				75963A4327CD34FA00AF8EF3 /* LottieAnimationPage.app */,
			);
			name = Products;
			sourceTree = "<group>";
		};
		75963A4527CD34FA00AF8EF3 /* LottieAnimationPage */ = {
			isa = PBXGroup;
			children = (
				757927D227CD3C2400A8F03A /* hubit.json */,
				75963A4627CD34FA00AF8EF3 /* AppDelegate.swift */,
				75963A4827CD34FA00AF8EF3 /* SceneDelegate.swift */,
				75963A4A27CD34FA00AF8EF3 /* ViewController.swift */,
				75963A4C27CD34FA00AF8EF3 /* Main.storyboard */,
				75963A4F27CD34FA00AF8EF3 /* Assets.xcassets */,
				75963A5127CD34FA00AF8EF3 /* LaunchScreen.storyboard */,
				75963A5427CD34FA00AF8EF3 /* Info.plist */,
			);
			path = LottieAnimationPage;
			sourceTree = "<group>";
		};
		8222B318D7B0EFE3F58965E4 /* Pods */ = {
			isa = PBXGroup;
			children = (
				1060793949D81B009E5AAE1C /* Pods-LottieAnimationPage.debug.xcconfig */,
				77D53EE2CCECC313B0571D03 /* Pods-LottieAnimationPage.release.xcconfig */,
			);
			path = Pods;
			sourceTree = "<group>";
		};
		E8A928E54FB26F4EF2E13270 /* Frameworks */ = {
			isa = PBXGroup;
			children = (
				8C42CABB31BD21F2FAE8DDDC /* Pods_LottieAnimationPage.framework */,
			);
			name = Frameworks;
			sourceTree = "<group>";
		};
/* End PBXGroup section */

/* Begin PBXNativeTarget section */
		75963A4227CD34FA00AF8EF3 /* LottieAnimationPage */ = {
			isa = PBXNativeTarget;
			buildConfigurationList = 75963A5727CD34FA00AF8EF3 /* Build configuration list for PBXNativeTarget "LottieAnimationPage" */;
			buildPhases = (
				8D1AF72D33F13B802EA87889 /* [CP] Check Pods Manifest.lock */,
				75963A3F27CD34FA00AF8EF3 /* Sources */,
				75963A4027CD34FA00AF8EF3 /* Frameworks */,
				75963A4127CD34FA00AF8EF3 /* Resources */,
				87990AF5B8D1D675CCB59C02 /* [CP] Embed Pods Frameworks */,
			);
			buildRules = (
			);
			dependencies = (
			);
			name = LottieAnimationPage;
			productName = LottieAnimationPage;
			productReference = 75963A4327CD34FA00AF8EF3 /* LottieAnimationPage.app */;
			productType = "com.apple.product-type.application";
		};
/* End PBXNativeTarget section */

/* Begin PBXProject section */
		75963A3B27CD34FA00AF8EF3 /* Project object */ = {
			isa = PBXProject;
			attributes = {
				BuildIndependentTargetsInParallel = 1;
				LastSwiftUpdateCheck = 1320;
				LastUpgradeCheck = 1320;
				TargetAttributes = {
					75963A4227CD34FA00AF8EF3 = {
						CreatedOnToolsVersion = 13.2.1;
					};
				};
			};
			buildConfigurationList = 75963A3E27CD34FA00AF8EF3 /* Build configuration list for PBXProject "LottieAnimationPage" */;
			compatibilityVersion = "Xcode 13.0";
			developmentRegion = en;
			hasScannedForEncodings = 0;
			knownRegions = (
				en,
				Base,
			);
			mainGroup = 75963A3A27CD34FA00AF8EF3;
			productRefGroup = 75963A4427CD34FA00AF8EF3 /* Products */;
			projectDirPath = "";
			projectRoot = "";
			targets = (
				75963A4227CD34FA00AF8EF3 /* LottieAnimationPage */,
			);
		};
/* End PBXProject section */

/* Begin PBXResourcesBuildPhase section */
		75963A4127CD34FA00AF8EF3 /* Resources */ = {
			isa = PBXResourcesBuildPhase;
			buildActionMask = 2147483647;
			files = (
				75963A5327CD34FA00AF8EF3 /* LaunchScreen.storyboard in Resources */,
				75963A5027CD34FA00AF8EF3 /* Assets.xcassets in Resources */,
				757927D327CD3C2400A8F03A /* hubit.json in Resources */,
				75963A4E27CD34FA00AF8EF3 /* Main.storyboard in Resources */,
			);
			runOnlyForDeploymentPostprocessing = 0;
		};
/* End PBXResourcesBuildPhase section */

/* Begin PBXShellScriptBuildPhase section */
		87990AF5B8D1D675CCB59C02 /* [CP] Embed Pods Frameworks */ = {
			isa = PBXShellScriptBuildPhase;
			buildActionMask = 2147483647;
			files = (
			);
			inputFileListPaths = (
				"${PODS_ROOT}/Target Support Files/Pods-LottieAnimationPage/Pods-LottieAnimationPage-frameworks-${CONFIGURATION}-input-files.xcfilelist",
			);
			name = "[CP] Embed Pods Frameworks";
			outputFileListPaths = (
				"${PODS_ROOT}/Target Support Files/Pods-LottieAnimationPage/Pods-LottieAnimationPage-frameworks-${CONFIGURATION}-output-files.xcfilelist",
			);
			runOnlyForDeploymentPostprocessing = 0;
			shellPath = /bin/sh;
			shellScript = "\"${PODS_ROOT}/Target Support Files/Pods-LottieAnimationPage/Pods-LottieAnimationPage-frameworks.sh\"\n";
			showEnvVarsInLog = 0;
		};
		8D1AF72D33F13B802EA87889 /* [CP] Check Pods Manifest.lock */ = {
			isa = PBXShellScriptBuildPhase;
			buildActionMask = 2147483647;
			files = (
			);
			inputFileListPaths = (
			);
			inputPaths = (
				"${PODS_PODFILE_DIR_PATH}/Podfile.lock",
				"${PODS_ROOT}/Manifest.lock",
			);
			name = "[CP] Check Pods Manifest.lock";
			outputFileListPaths = (
			);
			outputPaths = (
				"$(DERIVED_FILE_DIR)/Pods-LottieAnimationPage-checkManifestLockResult.txt",
			);
			runOnlyForDeploymentPostprocessing = 0;
			shellPath = /bin/sh;
			shellScript = "diff \"${PODS_PODFILE_DIR_PATH}/Podfile.lock\" \"${PODS_ROOT}/Manifest.lock\" > /dev/null\nif [ $? != 0 ] ; then\n    # print error to STDERR\n    echo \"error: The sandbox is not in sync with the Podfile.lock. Run 'pod install' or update your CocoaPods installation.\" >&2\n    exit 1\nfi\n# This output is used by Xcode 'outputs' to avoid re-running this script phase.\necho \"SUCCESS\" > \"${SCRIPT_OUTPUT_FILE_0}\"\n";
			showEnvVarsInLog = 0;
		};
/* End PBXShellScriptBuildPhase section */

/* Begin PBXSourcesBuildPhase section */
		75963A3F27CD34FA00AF8EF3 /* Sources */ = {
			isa = PBXSourcesBuildPhase;
			buildActionMask = 2147483647;
			files = (
				75963A4B27CD34FA00AF8EF3 /* ViewController.swift in Sources */,
				75963A4727CD34FA00AF8EF3 /* AppDelegate.swift in Sources */,
				75963A4927CD34FA00AF8EF3 /* SceneDelegate.swift in Sources */,
			);
			runOnlyForDeploymentPostprocessing = 0;
		};
/* End PBXSourcesBuildPhase section */

/* Begin PBXVariantGroup section */
		75963A4C27CD34FA00AF8EF3 /* Main.storyboard */ = {
			isa = PBXVariantGroup;
			children = (
				75963A4D27CD34FA00AF8EF3 /* Base */,
			);
			name = Main.storyboard;
			sourceTree = "<group>";
		};
		75963A5127CD34FA00AF8EF3 /* LaunchScreen.storyboard */ = {
			isa = PBXVariantGroup;
			children = (
				75963A5227CD34FA00AF8EF3 /* Base */,
			);
			name = LaunchScreen.storyboard;
			sourceTree = "<group>";
		};
/* End PBXVariantGroup section */

/* Begin XCBuildConfiguration section */
		75963A5527CD34FA00AF8EF3 /* Debug */ = {
			isa = XCBuildConfiguration;
			buildSettings = {
				ALWAYS_SEARCH_USER_PATHS = NO;
				CLANG_ANALYZER_NONNULL = YES;
				CLANG_ANALYZER_NUMBER_OBJECT_CONVERSION = YES_AGGRESSIVE;
				CLANG_CXX_LANGUAGE_STANDARD = "gnu++17";
				CLANG_CXX_LIBRARY = "libc++";
				CLANG_ENABLE_MODULES = YES;
				CLANG_ENABLE_OBJC_ARC = YES;
				CLANG_ENABLE_OBJC_WEAK = YES;
				CLANG_WARN_BLOCK_CAPTURE_AUTORELEASING = YES;
				CLANG_WARN_BOOL_CONVERSION = YES;
				CLANG_WARN_COMMA = YES;
				CLANG_WARN_CONSTANT_CONVERSION = YES;
				CLANG_WARN_DEPRECATED_OBJC_IMPLEMENTATIONS = YES;
				CLANG_WARN_DIRECT_OBJC_ISA_USAGE = YES_ERROR;
				CLANG_WARN_DOCUMENTATION_COMMENTS = YES;
				CLANG_WARN_EMPTY_BODY = YES;
				CLANG_WARN_ENUM_CONVERSION = YES;
				CLANG_WARN_INFINITE_RECURSION = YES;
				CLANG_WARN_INT_CONVERSION = YES;
				CLANG_WARN_NON_LITERAL_NULL_CONVERSION = YES;
				CLANG_WARN_OBJC_IMPLICIT_RETAIN_SELF = YES;
				CLANG_WARN_OBJC_LITERAL_CONVERSION = YES;
				CLANG_WARN_OBJC_ROOT_CLASS = YES_ERROR;
				CLANG_WARN_QUOTED_INCLUDE_IN_FRAMEWORK_HEADER = YES;
				CLANG_WARN_RANGE_LOOP_ANALYSIS = YES;
				CLANG_WARN_STRICT_PROTOTYPES = YES;
				CLANG_WARN_SUSPICIOUS_MOVE = YES;
				CLANG_WARN_UNGUARDED_AVAILABILITY = YES_AGGRESSIVE;
				CLANG_WARN_UNREACHABLE_CODE = YES;
				CLANG_WARN__DUPLICATE_METHOD_MATCH = YES;
				COPY_PHASE_STRIP = NO;
				DEBUG_INFORMATION_FORMAT = dwarf;
				ENABLE_STRICT_OBJC_MSGSEND = YES;
				ENABLE_TESTABILITY = YES;
				GCC_C_LANGUAGE_STANDARD = gnu11;
				GCC_DYNAMIC_NO_PIC = NO;
				GCC_NO_COMMON_BLOCKS = YES;
				GCC_OPTIMIZATION_LEVEL = 0;
				GCC_PREPROCESSOR_DEFINITIONS = (
					"DEBUG=1",
					"$(inherited)",
				);
				GCC_WARN_64_TO_32_BIT_CONVERSION = YES;
				GCC_WARN_ABOUT_RETURN_TYPE = YES_ERROR;
				GCC_WARN_UNDECLARED_SELECTOR = YES;
				GCC_WARN_UNINITIALIZED_AUTOS = YES_AGGRESSIVE;
				GCC_WARN_UNUSED_FUNCTION = YES;
				GCC_WARN_UNUSED_VARIABLE = YES;
				IPHONEOS_DEPLOYMENT_TARGET = 15.2;
				MTL_ENABLE_DEBUG_INFO = INCLUDE_SOURCE;
				MTL_FAST_MATH = YES;
				ONLY_ACTIVE_ARCH = YES;
				SDKROOT = iphoneos;
				SWIFT_ACTIVE_COMPILATION_CONDITIONS = DEBUG;
				SWIFT_OPTIMIZATION_LEVEL = "-Onone";
			};
			name = Debug;
		};
		75963A5627CD34FA00AF8EF3 /* Release */ = {
			isa = XCBuildConfiguration;
			buildSettings = {
				ALWAYS_SEARCH_USER_PATHS = NO;
				CLANG_ANALYZER_NONNULL = YES;
				CLANG_ANALYZER_NUMBER_OBJECT_CONVERSION = YES_AGGRESSIVE;
				CLANG_CXX_LANGUAGE_STANDARD = "gnu++17";
				CLANG_CXX_LIBRARY = "libc++";
				CLANG_ENABLE_MODULES = YES;
				CLANG_ENABLE_OBJC_ARC = YES;
				CLANG_ENABLE_OBJC_WEAK = YES;
				CLANG_WARN_BLOCK_CAPTURE_AUTORELEASING = YES;
				CLANG_WARN_BOOL_CONVERSION = YES;
				CLANG_WARN_COMMA = YES;
				CLANG_WARN_CONSTANT_CONVERSION = YES;
				CLANG_WARN_DEPRECATED_OBJC_IMPLEMENTATIONS = YES;
				CLANG_WARN_DIRECT_OBJC_ISA_USAGE = YES_ERROR;
				CLANG_WARN_DOCUMENTATION_COMMENTS = YES;
				CLANG_WARN_EMPTY_BODY = YES;
				CLANG_WARN_ENUM_CONVERSION = YES;
				CLANG_WARN_INFINITE_RECURSION = YES;
				CLANG_WARN_INT_CONVERSION = YES;
				CLANG_WARN_NON_LITERAL_NULL_CONVERSION = YES;
				CLANG_WARN_OBJC_IMPLICIT_RETAIN_SELF = YES;
				CLANG_WARN_OBJC_LITERAL_CONVERSION = YES;
				CLANG_WARN_OBJC_ROOT_CLASS = YES_ERROR;
				CLANG_WARN_QUOTED_INCLUDE_IN_FRAMEWORK_HEADER = YES;
				CLANG_WARN_RANGE_LOOP_ANALYSIS = YES;
				CLANG_WARN_STRICT_PROTOTYPES = YES;
				CLANG_WARN_SUSPICIOUS_MOVE = YES;
				CLANG_WARN_UNGUARDED_AVAILABILITY = YES_AGGRESSIVE;
				CLANG_WARN_UNREACHABLE_CODE = YES;
				CLANG_WARN__DUPLICATE_METHOD_MATCH = YES;
				COPY_PHASE_STRIP = NO;
				DEBUG_INFORMATION_FORMAT = "dwarf-with-dsym";
				ENABLE_NS_ASSERTIONS = NO;
				ENABLE_STRICT_OBJC_MSGSEND = YES;
				GCC_C_LANGUAGE_STANDARD = gnu11;
				GCC_NO_COMMON_BLOCKS = YES;
				GCC_WARN_64_TO_32_BIT_CONVERSION = YES;
				GCC_WARN_ABOUT_RETURN_TYPE = YES_ERROR;
				GCC_WARN_UNDECLARED_SELECTOR = YES;
				GCC_WARN_UNINITIALIZED_AUTOS = YES_AGGRESSIVE;
				GCC_WARN_UNUSED_FUNCTION = YES;
				GCC_WARN_UNUSED_VARIABLE = YES;
				IPHONEOS_DEPLOYMENT_TARGET = 15.2;
				MTL_ENABLE_DEBUG_INFO = NO;
				MTL_FAST_MATH = YES;
				SDKROOT = iphoneos;
				SWIFT_COMPILATION_MODE = wholemodule;
				SWIFT_OPTIMIZATION_LEVEL = "-O";
				VALIDATE_PRODUCT = YES;
			};
			name = Release;
		};
		75963A5827CD34FA00AF8EF3 /* Debug */ = {
			isa = XCBuildConfiguration;
			baseConfigurationReference = 1060793949D81B009E5AAE1C /* Pods-LottieAnimationPage.debug.xcconfig */;
			buildSettings = {
				ASSETCATALOG_COMPILER_APPICON_NAME = AppIcon;
				ASSETCATALOG_COMPILER_GLOBAL_ACCENT_COLOR_NAME = AccentColor;
				CODE_SIGN_STYLE = Automatic;
				CURRENT_PROJECT_VERSION = 1;
				DEVELOPMENT_TEAM = 3NXT996AXQ;
				GENERATE_INFOPLIST_FILE = YES;
				INFOPLIST_FILE = LottieAnimationPage/Info.plist;
				INFOPLIST_KEY_UIApplicationSupportsIndirectInputEvents = YES;
				INFOPLIST_KEY_UILaunchStoryboardName = LaunchScreen;
				INFOPLIST_KEY_UIMainStoryboardFile = Main;
				INFOPLIST_KEY_UISupportedInterfaceOrientations_iPad = "UIInterfaceOrientationPortrait UIInterfaceOrientationPortraitUpsideDown UIInterfaceOrientationLandscapeLeft UIInterfaceOrientationLandscapeRight";
				INFOPLIST_KEY_UISupportedInterfaceOrientations_iPhone = "UIInterfaceOrientationPortrait UIInterfaceOrientationLandscapeLeft UIInterfaceOrientationLandscapeRight";
				LD_RUNPATH_SEARCH_PATHS = (
					"$(inherited)",
					"@executable_path/Frameworks",
				);
				MARKETING_VERSION = 1.0;
				PRODUCT_BUNDLE_IDENTIFIER = com.eclidse.LottieAnimationPage;
				PRODUCT_NAME = "$(TARGET_NAME)";
				SWIFT_EMIT_LOC_STRINGS = YES;
				SWIFT_VERSION = 5.0;
				TARGETED_DEVICE_FAMILY = "1,2";
			};
			name = Debug;
		};
		75963A5927CD34FA00AF8EF3 /* Release */ = {
			isa = XCBuildConfiguration;
			baseConfigurationReference = 77D53EE2CCECC313B0571D03 /* Pods-LottieAnimationPage.release.xcconfig */;
			buildSettings = {
				ASSETCATALOG_COMPILER_APPICON_NAME = AppIcon;
				ASSETCATALOG_COMPILER_GLOBAL_ACCENT_COLOR_NAME = AccentColor;
				CODE_SIGN_STYLE = Automatic;
				CURRENT_PROJECT_VERSION = 1;
				DEVELOPMENT_TEAM = 3NXT996AXQ;
				GENERATE_INFOPLIST_FILE = YES;
				INFOPLIST_FILE = LottieAnimationPage/Info.plist;
				INFOPLIST_KEY_UIApplicationSupportsIndirectInputEvents = YES;
				INFOPLIST_KEY_UILaunchStoryboardName = LaunchScreen;
				INFOPLIST_KEY_UIMainStoryboardFile = Main;
				INFOPLIST_KEY_UISupportedInterfaceOrientations_iPad = "UIInterfaceOrientationPortrait UIInterfaceOrientationPortraitUpsideDown UIInterfaceOrientationLandscapeLeft UIInterfaceOrientationLandscapeRight";
				INFOPLIST_KEY_UISupportedInterfaceOrientations_iPhone = "UIInterfaceOrientationPortrait UIInterfaceOrientationLandscapeLeft UIInterfaceOrientationLandscapeRight";
				LD_RUNPATH_SEARCH_PATHS = (
					"$(inherited)",
					"@executable_path/Frameworks",
				);
				MARKETING_VERSION = 1.0;
				PRODUCT_BUNDLE_IDENTIFIER = com.eclidse.LottieAnimationPage;
				PRODUCT_NAME = "$(TARGET_NAME)";
				SWIFT_EMIT_LOC_STRINGS = YES;
				SWIFT_VERSION = 5.0;
				TARGETED_DEVICE_FAMILY = "1,2";
			};
			name = Release;
		};
/* End XCBuildConfiguration section */

/* Begin XCConfigurationList section */
		75963A3E27CD34FA00AF8EF3 /* Build configuration list for PBXProject "LottieAnimationPage" */ = {
			isa = XCConfigurationList;
			buildConfigurations = (
				75963A5527CD34FA00AF8EF3 /* Debug */,
				75963A5627CD34FA00AF8EF3 /* Release */,
			);
			defaultConfigurationIsVisible = 0;
			defaultConfigurationName = Release;
		};
		75963A5727CD34FA00AF8EF3 /* Build configuration list for PBXNativeTarget "LottieAnimationPage" */ = {
			isa = XCConfigurationList;
			buildConfigurations = (
				75963A5827CD34FA00AF8EF3 /* Debug */,
				75963A5927CD34FA00AF8EF3 /* Release */,
			);
			defaultConfigurationIsVisible = 0;
			defaultConfigurationName = Release;
		};
/* End XCConfigurationList section */
	};
	rootObject = 75963A3B27CD34FA00AF8EF3 /* Project object */;
}
